
Microsoft Visual Studio Solution File, Format Version 12.00
# Visual Studio Version 17
VisualStudioVersion = 17.3.32929.385
MinimumVisualStudioVersion = 10.0.40219.1
Project("{FAE04EC0-301F-11D3-BF4B-00C04F79EFBC}") = "IteratorsAndComparators", "IteratorsAndComparators\IteratorsAndComparators.csproj", "{C820922A-0C31-4F71-837D-F68F772627F8}"
EndProject
Project("{FAE04EC0-301F-11D3-BF4B-00C04F79EFBC}") = "IteratorsAndComparatorsTwoPart", "IteratorsAndComparatorsTwoPart\IteratorsAndComparatorsTwoPart.csproj", "{7710FA15-A6F2-416D-A33F-111FE5065B28}"
EndProject
Global
	GlobalSection(SolutionConfigurationPlatforms) = preSolution
		Debug|Any CPU = Debug|Any CPU
		Release|Any CPU = Release|Any CPU
	EndGlobalSection
	GlobalSection(ProjectConfigurationPlatforms) = postSolution
		{C820922A-0C31-4F71-837D-F68F772627F8}.Debug|Any CPU.ActiveCfg = Debug|Any CPU
		{C820922A-0C31-4F71-837D-F68F772627F8}.Debug|Any CPU.Build.0 = Debug|Any CPU
		{C820922A-0C31-4F71-837D-F68F772627F8}.Release|Any CPU.ActiveCfg = Release|Any CPU
		{C820922A-0C31-4F71-837D-F68F772627F8}.Release|Any CPU.Build.0 = Release|Any CPU
		{7710FA15-A6F2-416D-A33F-111FE5065B28}.Debug|Any CPU.ActiveCfg = Debug|Any CPU
		{7710FA15-A6F2-416D-A33F-111FE5065B28}.Debug|Any CPU.Build.0 = Debug|Any CPU
		{7710FA15-A6F2-416D-A33F-111FE5065B28}.Release|Any CPU.ActiveCfg = Release|Any CPU
		{7710FA15-A6F2-416D-A33F-111FE5065B28}.Release|Any CPU.Build.0 = Release|Any CPU
	EndGlobalSection
	GlobalSection(SolutionProperties) = preSolution
		HideSolutionNode = FALSE
	EndGlobalSection
	GlobalSection(ExtensibilityGlobals) = postSolution
		SolutionGuid = {311E16DC-CF46-4F9E-8B28-B4E9339917BF}
	EndGlobalSection
EndGlobal
